// !$*UTF8*$!
{
	archiveVersion = 1;
	classes = {
	};
	objectVersion = 50;
	objects = {

/* Begin PBXBuildFile section */
		9B4970C7221CC2B200A37944 /* main.swift in Sources */ = {isa = PBXBuildFile; fileRef = 9B4970C6221CC2B200A37944 /* main.swift */; };
		9B4970CE221CC37500A37944 /* User.swift in Sources */ = {isa = PBXBuildFile; fileRef = 9B4970CD221CC37500A37944 /* User.swift */; };
		9B4970D0221CC66D00A37944 /* Administrator.swift in Sources */ = {isa = PBXBuildFile; fileRef = 9B4970CF221CC66D00A37944 /* Administrator.swift */; };
		9B4970D2221CC67F00A37944 /* Customer.swift in Sources */ = {isa = PBXBuildFile; fileRef = 9B4970D1221CC67F00A37944 /* Customer.swift */; };
		9B4970D4221CC6B400A37944 /* ShippingInfo.swift in Sources */ = {isa = PBXBuildFile; fileRef = 9B4970D3221CC6B400A37944 /* ShippingInfo.swift */; };
		9B4970D6221CC6C300A37944 /* ShoppingCart.swift in Sources */ = {isa = PBXBuildFile; fileRef = 9B4970D5221CC6C300A37944 /* ShoppingCart.swift */; };
		9B4970D8221CC6D100A37944 /* Orders.swift in Sources */ = {isa = PBXBuildFile; fileRef = 9B4970D7221CC6D100A37944 /* Orders.swift */; };
		9B4970DB221CC6E200A37944 /* OrderDetails.swift in Sources */ = {isa = PBXBuildFile; fileRef = 9B4970DA221CC6E200A37944 /* OrderDetails.swift */; };
		9B4970DD221CC70500A37944 /* Products.swift in Sources */ = {isa = PBXBuildFile; fileRef = 9B4970DC221CC70500A37944 /* Products.swift */; };
		C6579B082220936B0060D376 /* Extension.swift in Sources */ = {isa = PBXBuildFile; fileRef = C6579B072220936B0060D376 /* Extension.swift */; };
		C6579B0A222096F40060D376 /* IDisplay.swift in Sources */ = {isa = PBXBuildFile; fileRef = C6579B09222096F40060D376 /* IDisplay.swift */; };
/* End PBXBuildFile section */

/* Begin PBXCopyFilesBuildPhase section */
		9B4970C1221CC2B200A37944 /* CopyFiles */ = {
			isa = PBXCopyFilesBuildPhase;
			buildActionMask = 2147483647;
			dstPath = /usr/share/man/man1/;
			dstSubfolderSpec = 0;
			files = (
			);
			runOnlyForDeploymentPostprocessing = 1;
		};
/* End PBXCopyFilesBuildPhase section */

/* Begin PBXFileReference section */
		9B4970C6221CC2B200A37944 /* main.swift */ = {isa = PBXFileReference; lastKnownFileType = sourcecode.swift; path = main.swift; sourceTree = "<group>"; };
		9B4970CD221CC37500A37944 /* User.swift */ = {isa = PBXFileReference; lastKnownFileType = sourcecode.swift; path = User.swift; sourceTree = "<group>"; };
		9B4970CF221CC66D00A37944 /* Administrator.swift */ = {isa = PBXFileReference; lastKnownFileType = sourcecode.swift; path = Administrator.swift; sourceTree = "<group>"; };
		9B4970D1221CC67F00A37944 /* Customer.swift */ = {isa = PBXFileReference; lastKnownFileType = sourcecode.swift; path = Customer.swift; sourceTree = "<group>"; };
		9B4970D3221CC6B400A37944 /* ShippingInfo.swift */ = {isa = PBXFileReference; lastKnownFileType = sourcecode.swift; path = ShippingInfo.swift; sourceTree = "<group>"; };
		9B4970D5221CC6C300A37944 /* ShoppingCart.swift */ = {isa = PBXFileReference; lastKnownFileType = sourcecode.swift; path = ShoppingCart.swift; sourceTree = "<group>"; };
		9B4970D7221CC6D100A37944 /* Orders.swift */ = {isa = PBXFileReference; lastKnownFileType = sourcecode.swift; path = Orders.swift; sourceTree = "<group>"; };
		9B4970DA221CC6E200A37944 /* OrderDetails.swift */ = {isa = PBXFileReference; lastKnownFileType = sourcecode.swift; path = OrderDetails.swift; sourceTree = "<group>"; };
		9B4970DC221CC70500A37944 /* Products.swift */ = {isa = PBXFileReference; lastKnownFileType = sourcecode.swift; path = Products.swift; sourceTree = "<group>"; };
		9BA4C55022260D5C001ED8B4 /* Group6_W2019_MAD3004_FP */ = {isa = PBXFileReference; explicitFileType = "compiled.mach-o.executable"; includeInIndex = 0; path = Group6_W2019_MAD3004_FP; sourceTree = BUILT_PRODUCTS_DIR; };
		C6579B072220936B0060D376 /* Extension.swift */ = {isa = PBXFileReference; lastKnownFileType = sourcecode.swift; path = Extension.swift; sourceTree = "<group>"; };
		C6579B09222096F40060D376 /* IDisplay.swift */ = {isa = PBXFileReference; lastKnownFileType = sourcecode.swift; path = IDisplay.swift; sourceTree = "<group>"; };
/* End PBXFileReference section */

/* Begin PBXFrameworksBuildPhase section */
		9B4970C0221CC2B200A37944 /* Frameworks */ = {
			isa = PBXFrameworksBuildPhase;
			buildActionMask = 2147483647;
			files = (
			);
			runOnlyForDeploymentPostprocessing = 0;
		};
/* End PBXFrameworksBuildPhase section */

/* Begin PBXGroup section */
		9B4970BA221CC2B200A37944 = {
			isa = PBXGroup;
			children = (
				9B4970C5221CC2B200A37944 /* Group6_W2019_MAD3004_FP */,
				9BA4C55022260D5C001ED8B4 /* Group6_W2019_MAD3004_FP */,
			);
			sourceTree = "<group>";
		};
		9B4970C5221CC2B200A37944 /* Group6_W2019_MAD3004_FP */ = {
			isa = PBXGroup;
			children = (
				9B4970C6221CC2B200A37944 /* main.swift */,
				9B4970CD221CC37500A37944 /* User.swift */,
				9B4970D1221CC67F00A37944 /* Customer.swift */,
				9B4970CF221CC66D00A37944 /* Administrator.swift */,
				9B4970D3221CC6B400A37944 /* ShippingInfo.swift */,
				9B4970D5221CC6C300A37944 /* ShoppingCart.swift */,
				9B4970D7221CC6D100A37944 /* Orders.swift */,
				9B4970DA221CC6E200A37944 /* OrderDetails.swift */,
				9B4970DC221CC70500A37944 /* Products.swift */,
				C6579B072220936B0060D376 /* Extension.swift */,
				C6579B09222096F40060D376 /* IDisplay.swift */,
			);
			path = Group6_W2019_MAD3004_FP;
			sourceTree = "<group>";
		};
/* End PBXGroup section */

/* Begin PBXNativeTarget section */
		9B4970C2221CC2B200A37944 /* Group6_W2019_MAD3004_FP */ = {
			isa = PBXNativeTarget;
			buildConfigurationList = 9B4970CA221CC2B200A37944 /* Build configuration list for PBXNativeTarget "Group6_W2019_MAD3004_FP" */;
			buildPhases = (
				9B4970BF221CC2B200A37944 /* Sources */,
				9B4970C0221CC2B200A37944 /* Frameworks */,
				9B4970C1221CC2B200A37944 /* CopyFiles */,
			);
			buildRules = (
			);
			dependencies = (
			);
			name = Group6_W2019_MAD3004_FP;
			productName = Group6_W2019_MAD3004_FP;
			productReference = 9BA4C55022260D5C001ED8B4 /* Group6_W2019_MAD3004_FP */;
			productType = "com.apple.product-type.tool";
		};
/* End PBXNativeTarget section */

/* Begin PBXProject section */
		9B4970BB221CC2B200A37944 /* Project object */ = {
			isa = PBXProject;
			attributes = {
				LastSwiftUpdateCheck = 1010;
				LastUpgradeCheck = 1010;
				ORGANIZATIONNAME = MacStudent;
				TargetAttributes = {
					9B4970C2221CC2B200A37944 = {
						CreatedOnToolsVersion = 10.1;
						LastSwiftMigration = 1020;
					};
				};
			};
			buildConfigurationList = 9B4970BE221CC2B200A37944 /* Build configuration list for PBXProject "Group6_W2019_MAD3004_FP" */;
			compatibilityVersion = "Xcode 9.3";
			developmentRegion = en;
			hasScannedForEncodings = 0;
			knownRegions = (
				en,
				Base,
			);
			mainGroup = 9B4970BA221CC2B200A37944;
			productRefGroup = 9B4970BA221CC2B200A37944;
			projectDirPath = "";
			projectRoot = "";
			targets = (
				9B4970C2221CC2B200A37944 /* Group6_W2019_MAD3004_FP */,
			);
		};
/* End PBXProject section */

/* Begin PBXSourcesBuildPhase section */
		9B4970BF221CC2B200A37944 /* Sources */ = {
			isa = PBXSourcesBuildPhase;
			buildActionMask = 2147483647;
			files = (
				9B4970DD221CC70500A37944 /* Products.swift in Sources */,
				9B4970D0221CC66D00A37944 /* Administrator.swift in Sources */,
				9B4970D8221CC6D100A37944 /* Orders.swift in Sources */,
				9B4970D6221CC6C300A37944 /* ShoppingCart.swift in Sources */,
				9B4970CE221CC37500A37944 /* User.swift in Sources */,
				C6579B082220936B0060D376 /* Extension.swift in Sources */,
				9B4970C7221CC2B200A37944 /* main.swift in Sources */,
				9B4970D2221CC67F00A37944 /* Customer.swift in Sources */,
				C6579B0A222096F40060D376 /* IDisplay.swift in Sources */,
				9B4970D4221CC6B400A37944 /* ShippingInfo.swift in Sources */,
				9B4970DB221CC6E200A37944 /* OrderDetails.swift in Sources */,
			);
			runOnlyForDeploymentPostprocessing = 0;
		};
/* End PBXSourcesBuildPhase section */

/* Begin XCBuildConfiguration section */
		9B4970C8221CC2B200A37944 /* Debug */ = {
			isa = XCBuildConfiguration;
			buildSettings = {
				ALWAYS_SEARCH_USER_PATHS = NO;
				CLANG_ANALYZER_NONNULL = YES;
				CLANG_ANALYZER_NUMBER_OBJECT_CONVERSION = YES_AGGRESSIVE;
				CLANG_CXX_LANGUAGE_STANDARD = "gnu++14";
				CLANG_CXX_LIBRARY = "libc++";
				CLANG_ENABLE_MODULES = YES;
				CLANG_ENABLE_OBJC_ARC = YES;
				CLANG_ENABLE_OBJC_WEAK = YES;
				CLANG_WARN_BLOCK_CAPTURE_AUTORELEASING = YES;
				CLANG_WARN_BOOL_CONVERSION = YES;
				CLANG_WARN_COMMA = YES;
				CLANG_WARN_CONSTANT_CONVERSION = YES;
				CLANG_WARN_DEPRECATED_OBJC_IMPLEMENTATIONS = YES;
				CLANG_WARN_DIRECT_OBJC_ISA_USAGE = YES_ERROR;
				CLANG_WARN_DOCUMENTATION_COMMENTS = YES;
				CLANG_WARN_EMPTY_BODY = YES;
				CLANG_WARN_ENUM_CONVERSION = YES;
				CLANG_WARN_INFINITE_RECURSION = YES;
				CLANG_WARN_INT_CONVERSION = YES;
				CLANG_WARN_NON_LITERAL_NULL_CONVERSION = YES;
				CLANG_WARN_OBJC_IMPLICIT_RETAIN_SELF = YES;
				CLANG_WARN_OBJC_LITERAL_CONVERSION = YES;
				CLANG_WARN_OBJC_ROOT_CLASS = YES_ERROR;
				CLANG_WARN_RANGE_LOOP_ANALYSIS = YES;
				CLANG_WARN_STRICT_PROTOTYPES = YES;
				CLANG_WARN_SUSPICIOUS_MOVE = YES;
				CLANG_WARN_UNGUARDED_AVAILABILITY = YES_AGGRESSIVE;
				CLANG_WARN_UNREACHABLE_CODE = YES;
				CLANG_WARN__DUPLICATE_METHOD_MATCH = YES;
				CODE_SIGN_IDENTITY = "-";
				COPY_PHASE_STRIP = NO;
				DEBUG_INFORMATION_FORMAT = dwarf;
				ENABLE_STRICT_OBJC_MSGSEND = YES;
				ENABLE_TESTABILITY = YES;
				GCC_C_LANGUAGE_STANDARD = gnu11;
				GCC_DYNAMIC_NO_PIC = NO;
				GCC_NO_COMMON_BLOCKS = YES;
				GCC_OPTIMIZATION_LEVEL = 0;
				GCC_PREPROCESSOR_DEFINITIONS = (
					"DEBUG=1",
					"$(inherited)",
				);
				GCC_WARN_64_TO_32_BIT_CONVERSION = YES;
				GCC_WARN_ABOUT_RETURN_TYPE = YES_ERROR;
				GCC_WARN_UNDECLARED_SELECTOR = YES;
				GCC_WARN_UNINITIALIZED_AUTOS = YES_AGGRESSIVE;
				GCC_WARN_UNUSED_FUNCTION = YES;
				GCC_WARN_UNUSED_VARIABLE = YES;
				MACOSX_DEPLOYMENT_TARGET = 10.14;
				MTL_ENABLE_DEBUG_INFO = INCLUDE_SOURCE;
				MTL_FAST_MATH = YES;
				ONLY_ACTIVE_ARCH = YES;
				SDKROOT = macosx;
				SWIFT_ACTIVE_COMPILATION_CONDITIONS = DEBUG;
				SWIFT_OPTIMIZATION_LEVEL = "-Onone";
			};
			name = Debug;
		};
		9B4970C9221CC2B200A37944 /* Release */ = {
			isa = XCBuildConfiguration;
			buildSettings = {
				ALWAYS_SEARCH_USER_PATHS = NO;
				CLANG_ANALYZER_NONNULL = YES;
				CLANG_ANALYZER_NUMBER_OBJECT_CONVERSION = YES_AGGRESSIVE;
				CLANG_CXX_LANGUAGE_STANDARD = "gnu++14";
				CLANG_CXX_LIBRARY = "libc++";
				CLANG_ENABLE_MODULES = YES;
				CLANG_ENABLE_OBJC_ARC = YES;
				CLANG_ENABLE_OBJC_WEAK = YES;
				CLANG_WARN_BLOCK_CAPTURE_AUTORELEASING = YES;
				CLANG_WARN_BOOL_CONVERSION = YES;
				CLANG_WARN_COMMA = YES;
				CLANG_WARN_CONSTANT_CONVERSION = YES;
				CLANG_WARN_DEPRECATED_OBJC_IMPLEMENTATIONS = YES;
				CLANG_WARN_DIRECT_OBJC_ISA_USAGE = YES_ERROR;
				CLANG_WARN_DOCUMENTATION_COMMENTS = YES;
				CLANG_WARN_EMPTY_BODY = YES;
				CLANG_WARN_ENUM_CONVERSION = YES;
				CLANG_WARN_INFINITE_RECURSION = YES;
				CLANG_WARN_INT_CONVERSION = YES;
				CLANG_WARN_NON_LITERAL_NULL_CONVERSION = YES;
				CLANG_WARN_OBJC_IMPLICIT_RETAIN_SELF = YES;
				CLANG_WARN_OBJC_LITERAL_CONVERSION = YES;
				CLANG_WARN_OBJC_ROOT_CLASS = YES_ERROR;
				CLANG_WARN_RANGE_LOOP_ANALYSIS = YES;
				CLANG_WARN_STRICT_PROTOTYPES = YES;
				CLANG_WARN_SUSPICIOUS_MOVE = YES;
				CLANG_WARN_UNGUARDED_AVAILABILITY = YES_AGGRESSIVE;
				CLANG_WARN_UNREACHABLE_CODE = YES;
				CLANG_WARN__DUPLICATE_METHOD_MATCH = YES;
				CODE_SIGN_IDENTITY = "-";
				COPY_PHASE_STRIP = NO;
				DEBUG_INFORMATION_FORMAT = "dwarf-with-dsym";
				ENABLE_NS_ASSERTIONS = NO;
				ENABLE_STRICT_OBJC_MSGSEND = YES;
				GCC_C_LANGUAGE_STANDARD = gnu11;
				GCC_NO_COMMON_BLOCKS = YES;
				GCC_WARN_64_TO_32_BIT_CONVERSION = YES;
				GCC_WARN_ABOUT_RETURN_TYPE = YES_ERROR;
				GCC_WARN_UNDECLARED_SELECTOR = YES;
				GCC_WARN_UNINITIALIZED_AUTOS = YES_AGGRESSIVE;
				GCC_WARN_UNUSED_FUNCTION = YES;
				GCC_WARN_UNUSED_VARIABLE = YES;
				MACOSX_DEPLOYMENT_TARGET = 10.14;
				MTL_ENABLE_DEBUG_INFO = NO;
				MTL_FAST_MATH = YES;
				SDKROOT = macosx;
				SWIFT_COMPILATION_MODE = wholemodule;
				SWIFT_OPTIMIZATION_LEVEL = "-O";
			};
			name = Release;
		};
		9B4970CB221CC2B200A37944 /* Debug */ = {
			isa = XCBuildConfiguration;
			buildSettings = {
				CODE_SIGN_STYLE = Automatic;
				PRODUCT_NAME = "$(TARGET_NAME)";
				SWIFT_VERSION = 4.2;
			};
			name = Debug;
		};
		9B4970CC221CC2B200A37944 /* Release */ = {
			isa = XCBuildConfiguration;
			buildSettings = {
				CODE_SIGN_STYLE = Automatic;
				PRODUCT_NAME = "$(TARGET_NAME)";
				SWIFT_VERSION = 4.2;
			};
			name = Release;
		};
/* End XCBuildConfiguration section */

/* Begin XCConfigurationList section */
		9B4970BE221CC2B200A37944 /* Build configuration list for PBXProject "Group6_W2019_MAD3004_FP" */ = {
			isa = XCConfigurationList;
			buildConfigurations = (
				9B4970C8221CC2B200A37944 /* Debug */,
				9B4970C9221CC2B200A37944 /* Release */,
			);
			defaultConfigurationIsVisible = 0;
			defaultConfigurationName = Release;
		};
		9B4970CA221CC2B200A37944 /* Build configuration list for PBXNativeTarget "Group6_W2019_MAD3004_FP" */ = {
			isa = XCConfigurationList;
			buildConfigurations = (
				9B4970CB221CC2B200A37944 /* Debug */,
				9B4970CC221CC2B200A37944 /* Release */,
			);
			defaultConfigurationIsVisible = 0;
			defaultConfigurationName = Release;
		};
/* End XCConfigurationList section */
	};
	rootObject = 9B4970BB221CC2B200A37944 /* Project object */;
}
